
Microsoft Visual Studio Solution File, Format Version 12.00
# Visual Studio Version 17
VisualStudioVersion = 17.0.32014.148
MinimumVisualStudioVersion = 10.0.40219.1
Project("{FAE04EC0-301F-11D3-BF4B-00C04F79EFBC}") = "MethodsWithLoopsAndConditionals", "MethodsWithLoopsAndConditionals\MethodsWithLoopsAndConditionals.csproj", "{5D53DDE6-75D7-459A-87A5-E93FA13B240D}"
EndProject
Global
	GlobalSection(SolutionConfigurationPlatforms) = preSolution
		Debug|Any CPU = Debug|Any CPU
		Release|Any CPU = Release|Any CPU
	EndGlobalSection
	GlobalSection(ProjectConfigurationPlatforms) = postSolution
		{5D53DDE6-75D7-459A-87A5-E93FA13B240D}.Debug|Any CPU.ActiveCfg = Debug|Any CPU
		{5D53DDE6-75D7-459A-87A5-E93FA13B240D}.Debug|Any CPU.Build.0 = Debug|Any CPU
		{5D53DDE6-75D7-459A-87A5-E93FA13B240D}.Release|Any CPU.ActiveCfg = Release|Any CPU
		{5D53DDE6-75D7-459A-87A5-E93FA13B240D}.Release|Any CPU.Build.0 = Release|Any CPU
	EndGlobalSection
	GlobalSection(SolutionProperties) = preSolution
		HideSolutionNode = FALSE
	EndGlobalSection
	GlobalSection(ExtensibilityGlobals) = postSolution
		SolutionGuid = {2C055BB0-CC67-4986-940C-F647ACFBA5EA}
	EndGlobalSection
EndGlobal
